// !$*UTF8*$!
{
	archiveVersion = 1;
	classes = {
	};
	objectVersion = 51;
	objects = {

/* Begin PBXBuildFile section */
		1F60A3BA012E730BBF522262 /* Pods_Smack.framework in Frameworks */ = {isa = PBXBuildFile; fileRef = 78E481B5CF2A69B9F319C1A5 /* Pods_Smack.framework */; };
		CE609214239E5A0F008C97B1 /* AppDelegate.swift in Sources */ = {isa = PBXBuildFile; fileRef = CE609213239E5A0F008C97B1 /* AppDelegate.swift */; };
		CE609216239E5A0F008C97B1 /* SceneDelegate.swift in Sources */ = {isa = PBXBuildFile; fileRef = CE609215239E5A0F008C97B1 /* SceneDelegate.swift */; };
		CE609218239E5A0F008C97B1 /* ViewController.swift in Sources */ = {isa = PBXBuildFile; fileRef = CE609217239E5A0F008C97B1 /* ViewController.swift */; };
		CE60921B239E5A0F008C97B1 /* Main.storyboard in Resources */ = {isa = PBXBuildFile; fileRef = CE609219239E5A0F008C97B1 /* Main.storyboard */; };
		CE60921D239E5A14008C97B1 /* Assets.xcassets in Resources */ = {isa = PBXBuildFile; fileRef = CE60921C239E5A14008C97B1 /* Assets.xcassets */; };
		CE609220239E5A14008C97B1 /* LaunchScreen.storyboard in Resources */ = {isa = PBXBuildFile; fileRef = CE60921E239E5A14008C97B1 /* LaunchScreen.storyboard */; };
		CE60922B239E6AE4008C97B1 /* SWRevealViewController.m in Sources */ = {isa = PBXBuildFile; fileRef = CE609229239E6AE4008C97B1 /* SWRevealViewController.m */; };
/* End PBXBuildFile section */

/* Begin PBXFileReference section */
		04CAA7A6526BFC35769C7B67 /* Pods-Smack.debug.xcconfig */ = {isa = PBXFileReference; includeInIndex = 1; lastKnownFileType = text.xcconfig; name = "Pods-Smack.debug.xcconfig"; path = "Target Support Files/Pods-Smack/Pods-Smack.debug.xcconfig"; sourceTree = "<group>"; };
		78E481B5CF2A69B9F319C1A5 /* Pods_Smack.framework */ = {isa = PBXFileReference; explicitFileType = wrapper.framework; includeInIndex = 0; path = Pods_Smack.framework; sourceTree = BUILT_PRODUCTS_DIR; };
		C1012815B7B96C8DBED10E8A /* Pods-Smack.release.xcconfig */ = {isa = PBXFileReference; includeInIndex = 1; lastKnownFileType = text.xcconfig; name = "Pods-Smack.release.xcconfig"; path = "Target Support Files/Pods-Smack/Pods-Smack.release.xcconfig"; sourceTree = "<group>"; };
		CE609210239E5A0F008C97B1 /* Smack.app */ = {isa = PBXFileReference; explicitFileType = wrapper.application; includeInIndex = 0; path = Smack.app; sourceTree = BUILT_PRODUCTS_DIR; };
		CE609213239E5A0F008C97B1 /* AppDelegate.swift */ = {isa = PBXFileReference; lastKnownFileType = sourcecode.swift; path = AppDelegate.swift; sourceTree = "<group>"; };
		CE609215239E5A0F008C97B1 /* SceneDelegate.swift */ = {isa = PBXFileReference; lastKnownFileType = sourcecode.swift; path = SceneDelegate.swift; sourceTree = "<group>"; };
		CE609217239E5A0F008C97B1 /* ViewController.swift */ = {isa = PBXFileReference; lastKnownFileType = sourcecode.swift; path = ViewController.swift; sourceTree = "<group>"; };
		CE60921A239E5A0F008C97B1 /* Base */ = {isa = PBXFileReference; lastKnownFileType = file.storyboard; name = Base; path = Base.lproj/Main.storyboard; sourceTree = "<group>"; };
		CE60921C239E5A14008C97B1 /* Assets.xcassets */ = {isa = PBXFileReference; lastKnownFileType = folder.assetcatalog; path = Assets.xcassets; sourceTree = "<group>"; };
		CE60921F239E5A14008C97B1 /* Base */ = {isa = PBXFileReference; lastKnownFileType = file.storyboard; name = Base; path = Base.lproj/LaunchScreen.storyboard; sourceTree = "<group>"; };
		CE609221239E5A14008C97B1 /* Info.plist */ = {isa = PBXFileReference; lastKnownFileType = text.plist.xml; path = Info.plist; sourceTree = "<group>"; };
		CE609228239E6AE3008C97B1 /* Smack-Bridging-Header.h */ = {isa = PBXFileReference; lastKnownFileType = sourcecode.c.h; path = "Smack-Bridging-Header.h"; sourceTree = "<group>"; };
		CE609229239E6AE4008C97B1 /* SWRevealViewController.m */ = {isa = PBXFileReference; fileEncoding = 4; lastKnownFileType = sourcecode.c.objc; path = SWRevealViewController.m; sourceTree = "<group>"; };
		CE60922A239E6AE4008C97B1 /* SWRevealViewController.h */ = {isa = PBXFileReference; fileEncoding = 4; lastKnownFileType = sourcecode.c.h; path = SWRevealViewController.h; sourceTree = "<group>"; };
/* End PBXFileReference section */

/* Begin PBXFrameworksBuildPhase section */
		CE60920D239E5A0F008C97B1 /* Frameworks */ = {
			isa = PBXFrameworksBuildPhase;
			buildActionMask = 2147483647;
			files = (
				1F60A3BA012E730BBF522262 /* Pods_Smack.framework in Frameworks */,
			);
			runOnlyForDeploymentPostprocessing = 0;
		};
/* End PBXFrameworksBuildPhase section */

/* Begin PBXGroup section */
		2BD31879E2CCB44E9EFB2C5C /* Pods */ = {
			isa = PBXGroup;
			children = (
				04CAA7A6526BFC35769C7B67 /* Pods-Smack.debug.xcconfig */,
				C1012815B7B96C8DBED10E8A /* Pods-Smack.release.xcconfig */,
			);
			path = Pods;
			sourceTree = "<group>";
		};
		2DBD799D07DA77A58E293AD2 /* Frameworks */ = {
			isa = PBXGroup;
			children = (
				78E481B5CF2A69B9F319C1A5 /* Pods_Smack.framework */,
			);
			name = Frameworks;
			sourceTree = "<group>";
		};
		CE609207239E5A0F008C97B1 = {
			isa = PBXGroup;
			children = (
				CE609212239E5A0F008C97B1 /* Smack */,
				CE609211239E5A0F008C97B1 /* Products */,
				2BD31879E2CCB44E9EFB2C5C /* Pods */,
				2DBD799D07DA77A58E293AD2 /* Frameworks */,
			);
			sourceTree = "<group>";
		};
		CE609211239E5A0F008C97B1 /* Products */ = {
			isa = PBXGroup;
			children = (
				CE609210239E5A0F008C97B1 /* Smack.app */,
			);
			name = Products;
			sourceTree = "<group>";
		};
		CE609212239E5A0F008C97B1 /* Smack */ = {
			isa = PBXGroup;
			children = (
				CE609227239E6A83008C97B1 /* Supporting Files */,
				CE609213239E5A0F008C97B1 /* AppDelegate.swift */,
				CE609215239E5A0F008C97B1 /* SceneDelegate.swift */,
				CE609217239E5A0F008C97B1 /* ViewController.swift */,
				CE609219239E5A0F008C97B1 /* Main.storyboard */,
				CE60921C239E5A14008C97B1 /* Assets.xcassets */,
				CE60921E239E5A14008C97B1 /* LaunchScreen.storyboard */,
				CE609221239E5A14008C97B1 /* Info.plist */,
			);
			path = Smack;
			sourceTree = "<group>";
		};
		CE609227239E6A83008C97B1 /* Supporting Files */ = {
			isa = PBXGroup;
			children = (
				CE60922A239E6AE4008C97B1 /* SWRevealViewController.h */,
				CE609229239E6AE4008C97B1 /* SWRevealViewController.m */,
				CE609228239E6AE3008C97B1 /* Smack-Bridging-Header.h */,
			);
			path = "Supporting Files";
			sourceTree = "<group>";
		};
/* End PBXGroup section */

/* Begin PBXNativeTarget section */
		CE60920F239E5A0F008C97B1 /* Smack */ = {
			isa = PBXNativeTarget;
			buildConfigurationList = CE609224239E5A14008C97B1 /* Build configuration list for PBXNativeTarget "Smack" */;
			buildPhases = (
				AD223D66FBAABAEFF9925E06 /* [CP] Check Pods Manifest.lock */,
				CE60920C239E5A0F008C97B1 /* Sources */,
				CE60920D239E5A0F008C97B1 /* Frameworks */,
				CE60920E239E5A0F008C97B1 /* Resources */,
				CE75D97A94B1C95CA205E10A /* [CP] Embed Pods Frameworks */,
			);
			buildRules = (
			);
			dependencies = (
			);
			name = Smack;
			productName = Smack;
			productReference = CE609210239E5A0F008C97B1 /* Smack.app */;
			productType = "com.apple.product-type.application";
		};
/* End PBXNativeTarget section */

/* Begin PBXProject section */
		CE609208239E5A0F008C97B1 /* Project object */ = {
			isa = PBXProject;
			attributes = {
				LastSwiftUpdateCheck = 1110;
				LastUpgradeCheck = 1110;
				ORGANIZATIONNAME = "Alex Lebedev";
				TargetAttributes = {
					CE60920F239E5A0F008C97B1 = {
						CreatedOnToolsVersion = 11.1;
						LastSwiftMigration = 1110;
					};
				};
			};
			buildConfigurationList = CE60920B239E5A0F008C97B1 /* Build configuration list for PBXProject "Smack" */;
			compatibilityVersion = "Xcode 9.3";
			developmentRegion = en;
			hasScannedForEncodings = 0;
			knownRegions = (
				en,
				Base,
			);
			mainGroup = CE609207239E5A0F008C97B1;
			productRefGroup = CE609211239E5A0F008C97B1 /* Products */;
			projectDirPath = "";
			projectRoot = "";
			targets = (
				CE60920F239E5A0F008C97B1 /* Smack */,
			);
		};
/* End PBXProject section */

/* Begin PBXResourcesBuildPhase section */
		CE60920E239E5A0F008C97B1 /* Resources */ = {
			isa = PBXResourcesBuildPhase;
			buildActionMask = 2147483647;
			files = (
				CE609220239E5A14008C97B1 /* LaunchScreen.storyboard in Resources */,
				CE60921D239E5A14008C97B1 /* Assets.xcassets in Resources */,
				CE60921B239E5A0F008C97B1 /* Main.storyboard in Resources */,
			);
			runOnlyForDeploymentPostprocessing = 0;
		};
/* End PBXResourcesBuildPhase section */

/* Begin PBXShellScriptBuildPhase section */
		AD223D66FBAABAEFF9925E06 /* [CP] Check Pods Manifest.lock */ = {
			isa = PBXShellScriptBuildPhase;
			buildActionMask = 2147483647;
			files = (
			);
			inputFileListPaths = (
			);
			inputPaths = (
				"${PODS_PODFILE_DIR_PATH}/Podfile.lock",
				"${PODS_ROOT}/Manifest.lock",
			);
			name = "[CP] Check Pods Manifest.lock";
			outputFileListPaths = (
			);
			outputPaths = (
				"$(DERIVED_FILE_DIR)/Pods-Smack-checkManifestLockResult.txt",
			);
			runOnlyForDeploymentPostprocessing = 0;
			shellPath = /bin/sh;
			shellScript = "diff \"${PODS_PODFILE_DIR_PATH}/Podfile.lock\" \"${PODS_ROOT}/Manifest.lock\" > /dev/null\nif [ $? != 0 ] ; then\n    # print error to STDERR\n    echo \"error: The sandbox is not in sync with the Podfile.lock. Run 'pod install' or update your CocoaPods installation.\" >&2\n    exit 1\nfi\n# This output is used by Xcode 'outputs' to avoid re-running this script phase.\necho \"SUCCESS\" > \"${SCRIPT_OUTPUT_FILE_0}\"\n";
			showEnvVarsInLog = 0;
		};
		CE75D97A94B1C95CA205E10A /* [CP] Embed Pods Frameworks */ = {
			isa = PBXShellScriptBuildPhase;
			buildActionMask = 2147483647;
			files = (
			);
			inputFileListPaths = (
				"${PODS_ROOT}/Target Support Files/Pods-Smack/Pods-Smack-frameworks-${CONFIGURATION}-input-files.xcfilelist",
			);
			name = "[CP] Embed Pods Frameworks";
			outputFileListPaths = (
				"${PODS_ROOT}/Target Support Files/Pods-Smack/Pods-Smack-frameworks-${CONFIGURATION}-output-files.xcfilelist",
			);
			runOnlyForDeploymentPostprocessing = 0;
			shellPath = /bin/sh;
			shellScript = "\"${PODS_ROOT}/Target Support Files/Pods-Smack/Pods-Smack-frameworks.sh\"\n";
			showEnvVarsInLog = 0;
		};
/* End PBXShellScriptBuildPhase section */

/* Begin PBXSourcesBuildPhase section */
		CE60920C239E5A0F008C97B1 /* Sources */ = {
			isa = PBXSourcesBuildPhase;
			buildActionMask = 2147483647;
			files = (
				CE609218239E5A0F008C97B1 /* ViewController.swift in Sources */,
				CE609214239E5A0F008C97B1 /* AppDelegate.swift in Sources */,
				CE609216239E5A0F008C97B1 /* SceneDelegate.swift in Sources */,
				CE60922B239E6AE4008C97B1 /* SWRevealViewController.m in Sources */,
			);
			runOnlyForDeploymentPostprocessing = 0;
		};
/* End PBXSourcesBuildPhase section */

/* Begin PBXVariantGroup section */
		CE609219239E5A0F008C97B1 /* Main.storyboard */ = {
			isa = PBXVariantGroup;
			children = (
				CE60921A239E5A0F008C97B1 /* Base */,
			);
			name = Main.storyboard;
			sourceTree = "<group>";
		};
		CE60921E239E5A14008C97B1 /* LaunchScreen.storyboard */ = {
			isa = PBXVariantGroup;
			children = (
				CE60921F239E5A14008C97B1 /* Base */,
			);
			name = LaunchScreen.storyboard;
			sourceTree = "<group>";
		};
/* End PBXVariantGroup section */

/* Begin XCBuildConfiguration section */
		CE609222239E5A14008C97B1 /* Debug */ = {
			isa = XCBuildConfiguration;
			buildSettings = {
				ALWAYS_SEARCH_USER_PATHS = NO;
				CLANG_ANALYZER_NONNULL = YES;
				CLANG_ANALYZER_NUMBER_OBJECT_CONVERSION = YES_AGGRESSIVE;
				CLANG_CXX_LANGUAGE_STANDARD = "gnu++14";
				CLANG_CXX_LIBRARY = "libc++";
				CLANG_ENABLE_MODULES = YES;
				CLANG_ENABLE_OBJC_ARC = YES;
				CLANG_ENABLE_OBJC_WEAK = YES;
				CLANG_WARN_BLOCK_CAPTURE_AUTORELEASING = YES;
				CLANG_WARN_BOOL_CONVERSION = YES;
				CLANG_WARN_COMMA = YES;
				CLANG_WARN_CONSTANT_CONVERSION = YES;
				CLANG_WARN_DEPRECATED_OBJC_IMPLEMENTATIONS = YES;
				CLANG_WARN_DIRECT_OBJC_ISA_USAGE = YES_ERROR;
				CLANG_WARN_DOCUMENTATION_COMMENTS = YES;
				CLANG_WARN_EMPTY_BODY = YES;
				CLANG_WARN_ENUM_CONVERSION = YES;
				CLANG_WARN_INFINITE_RECURSION = YES;
				CLANG_WARN_INT_CONVERSION = YES;
				CLANG_WARN_NON_LITERAL_NULL_CONVERSION = YES;
				CLANG_WARN_OBJC_IMPLICIT_RETAIN_SELF = YES;
				CLANG_WARN_OBJC_LITERAL_CONVERSION = YES;
				CLANG_WARN_OBJC_ROOT_CLASS = YES_ERROR;
				CLANG_WARN_RANGE_LOOP_ANALYSIS = YES;
				CLANG_WARN_STRICT_PROTOTYPES = YES;
				CLANG_WARN_SUSPICIOUS_MOVE = YES;
				CLANG_WARN_UNGUARDED_AVAILABILITY = YES_AGGRESSIVE;
				CLANG_WARN_UNREACHABLE_CODE = YES;
				CLANG_WARN__DUPLICATE_METHOD_MATCH = YES;
				COPY_PHASE_STRIP = NO;
				DEBUG_INFORMATION_FORMAT = dwarf;
				ENABLE_STRICT_OBJC_MSGSEND = YES;
				ENABLE_TESTABILITY = YES;
				GCC_C_LANGUAGE_STANDARD = gnu11;
				GCC_DYNAMIC_NO_PIC = NO;
				GCC_NO_COMMON_BLOCKS = YES;
				GCC_OPTIMIZATION_LEVEL = 0;
				GCC_PREPROCESSOR_DEFINITIONS = (
					"DEBUG=1",
					"$(inherited)",
				);
				GCC_WARN_64_TO_32_BIT_CONVERSION = YES;
				GCC_WARN_ABOUT_RETURN_TYPE = YES_ERROR;
				GCC_WARN_UNDECLARED_SELECTOR = YES;
				GCC_WARN_UNINITIALIZED_AUTOS = YES_AGGRESSIVE;
				GCC_WARN_UNUSED_FUNCTION = YES;
				GCC_WARN_UNUSED_VARIABLE = YES;
				IPHONEOS_DEPLOYMENT_TARGET = 13.1;
				MTL_ENABLE_DEBUG_INFO = INCLUDE_SOURCE;
				MTL_FAST_MATH = YES;
				ONLY_ACTIVE_ARCH = YES;
				SDKROOT = iphoneos;
				SWIFT_ACTIVE_COMPILATION_CONDITIONS = DEBUG;
				SWIFT_OPTIMIZATION_LEVEL = "-Onone";
			};
			name = Debug;
		};
		CE609223239E5A14008C97B1 /* Release */ = {
			isa = XCBuildConfiguration;
			buildSettings = {
				ALWAYS_SEARCH_USER_PATHS = NO;
				CLANG_ANALYZER_NONNULL = YES;
				CLANG_ANALYZER_NUMBER_OBJECT_CONVERSION = YES_AGGRESSIVE;
				CLANG_CXX_LANGUAGE_STANDARD = "gnu++14";
				CLANG_CXX_LIBRARY = "libc++";
				CLANG_ENABLE_MODULES = YES;
				CLANG_ENABLE_OBJC_ARC = YES;
				CLANG_ENABLE_OBJC_WEAK = YES;
				CLANG_WARN_BLOCK_CAPTURE_AUTORELEASING = YES;
				CLANG_WARN_BOOL_CONVERSION = YES;
				CLANG_WARN_COMMA = YES;
				CLANG_WARN_CONSTANT_CONVERSION = YES;
				CLANG_WARN_DEPRECATED_OBJC_IMPLEMENTATIONS = YES;
				CLANG_WARN_DIRECT_OBJC_ISA_USAGE = YES_ERROR;
				CLANG_WARN_DOCUMENTATION_COMMENTS = YES;
				CLANG_WARN_EMPTY_BODY = YES;
				CLANG_WARN_ENUM_CONVERSION = YES;
				CLANG_WARN_INFINITE_RECURSION = YES;
				CLANG_WARN_INT_CONVERSION = YES;
				CLANG_WARN_NON_LITERAL_NULL_CONVERSION = YES;
				CLANG_WARN_OBJC_IMPLICIT_RETAIN_SELF = YES;
				CLANG_WARN_OBJC_LITERAL_CONVERSION = YES;
				CLANG_WARN_OBJC_ROOT_CLASS = YES_ERROR;
				CLANG_WARN_RANGE_LOOP_ANALYSIS = YES;
				CLANG_WARN_STRICT_PROTOTYPES = YES;
				CLANG_WARN_SUSPICIOUS_MOVE = YES;
				CLANG_WARN_UNGUARDED_AVAILABILITY = YES_AGGRESSIVE;
				CLANG_WARN_UNREACHABLE_CODE = YES;
				CLANG_WARN__DUPLICATE_METHOD_MATCH = YES;
				COPY_PHASE_STRIP = NO;
				DEBUG_INFORMATION_FORMAT = "dwarf-with-dsym";
				ENABLE_NS_ASSERTIONS = NO;
				ENABLE_STRICT_OBJC_MSGSEND = YES;
				GCC_C_LANGUAGE_STANDARD = gnu11;
				GCC_NO_COMMON_BLOCKS = YES;
				GCC_WARN_64_TO_32_BIT_CONVERSION = YES;
				GCC_WARN_ABOUT_RETURN_TYPE = YES_ERROR;
				GCC_WARN_UNDECLARED_SELECTOR = YES;
				GCC_WARN_UNINITIALIZED_AUTOS = YES_AGGRESSIVE;
				GCC_WARN_UNUSED_FUNCTION = YES;
				GCC_WARN_UNUSED_VARIABLE = YES;
				IPHONEOS_DEPLOYMENT_TARGET = 13.1;
				MTL_ENABLE_DEBUG_INFO = NO;
				MTL_FAST_MATH = YES;
				SDKROOT = iphoneos;
				SWIFT_COMPILATION_MODE = wholemodule;
				SWIFT_OPTIMIZATION_LEVEL = "-O";
				VALIDATE_PRODUCT = YES;
			};
			name = Release;
		};
		CE609225239E5A14008C97B1 /* Debug */ = {
			isa = XCBuildConfiguration;
			baseConfigurationReference = 04CAA7A6526BFC35769C7B67 /* Pods-Smack.debug.xcconfig */;
			buildSettings = {
				ASSETCATALOG_COMPILER_APPICON_NAME = AppIcon;
				CLANG_ENABLE_MODULES = YES;
				CODE_SIGN_STYLE = Automatic;
				DEVELOPMENT_TEAM = M99S4Z49FJ;
				INFOPLIST_FILE = Smack/Info.plist;
				LD_RUNPATH_SEARCH_PATHS = (
					"$(inherited)",
					"@executable_path/Frameworks",
				);
				PRODUCT_BUNDLE_IDENTIFIER = Alex.Smack;
				PRODUCT_NAME = "$(TARGET_NAME)";
				SWIFT_OBJC_BRIDGING_HEADER = "Smack/Supporting Files/Smack-Bridging-Header.h";
				SWIFT_OPTIMIZATION_LEVEL = "-Onone";
				SWIFT_VERSION = 5.0;
				TARGETED_DEVICE_FAMILY = "1,2";
			};
			name = Debug;
		};
		CE609226239E5A14008C97B1 /* Release */ = {
			isa = XCBuildConfiguration;
			baseConfigurationReference = C1012815B7B96C8DBED10E8A /* Pods-Smack.release.xcconfig */;
			buildSettings = {
				ASSETCATALOG_COMPILER_APPICON_NAME = AppIcon;
				CLANG_ENABLE_MODULES = YES;
				CODE_SIGN_STYLE = Automatic;
				DEVELOPMENT_TEAM = M99S4Z49FJ;
				INFOPLIST_FILE = Smack/Info.plist;
				LD_RUNPATH_SEARCH_PATHS = (
					"$(inherited)",
					"@executable_path/Frameworks",
				);
				PRODUCT_BUNDLE_IDENTIFIER = Alex.Smack;
				PRODUCT_NAME = "$(TARGET_NAME)";
				SWIFT_OBJC_BRIDGING_HEADER = "Smack/Supporting Files/Smack-Bridging-Header.h";
				SWIFT_VERSION = 5.0;
				TARGETED_DEVICE_FAMILY = "1,2";
			};
			name = Release;
		};
/* End XCBuildConfiguration section */

/* Begin XCConfigurationList section */
		CE60920B239E5A0F008C97B1 /* Build configuration list for PBXProject "Smack" */ = {
			isa = XCConfigurationList;
			buildConfigurations = (
				CE609222239E5A14008C97B1 /* Debug */,
				CE609223239E5A14008C97B1 /* Release */,
			);
			defaultConfigurationIsVisible = 0;
			defaultConfigurationName = Release;
		};
		CE609224239E5A14008C97B1 /* Build configuration list for PBXNativeTarget "Smack" */ = {
			isa = XCConfigurationList;
			buildConfigurations = (
				CE609225239E5A14008C97B1 /* Debug */,
				CE609226239E5A14008C97B1 /* Release */,
			);
			defaultConfigurationIsVisible = 0;
			defaultConfigurationName = Release;
		};
/* End XCConfigurationList section */
	};
	rootObject = CE609208239E5A0F008C97B1 /* Project object */;
}
